
Microsoft Visual Studio Solution File, Format Version 12.00
# Visual Studio 15
VisualStudioVersion = 15.0.28307.645
MinimumVisualStudioVersion = 10.0.40219.1
Project("{F184B08F-C81C-45F6-A57F-5ABD9991F28F}") = "WindowsApp7", "WindowsApp7\WindowsApp7.vbproj", "{D55F63F1-1FBE-4596-AD42-978E88260B19}"
EndProject
Global
	GlobalSection(SolutionConfigurationPlatforms) = preSolution
		Debug|Any CPU = Debug|Any CPU
		Release|Any CPU = Release|Any CPU
	EndGlobalSection
	GlobalSection(ProjectConfigurationPlatforms) = postSolution
		{D55F63F1-1FBE-4596-AD42-978E88260B19}.Debug|Any CPU.ActiveCfg = Debug|Any CPU
		{D55F63F1-1FBE-4596-AD42-978E88260B19}.Debug|Any CPU.Build.0 = Debug|Any CPU
		{D55F63F1-1FBE-4596-AD42-978E88260B19}.Release|Any CPU.ActiveCfg = Release|Any CPU
		{D55F63F1-1FBE-4596-AD42-978E88260B19}.Release|Any CPU.Build.0 = Release|Any CPU
	EndGlobalSection
	GlobalSection(SolutionProperties) = preSolution
		HideSolutionNode = FALSE
	EndGlobalSection
	GlobalSection(ExtensibilityGlobals) = postSolution
		SolutionGuid = {522BC34C-CF2E-485A-8D2D-D82F4A5F384F}
	EndGlobalSection
EndGlobal
